
Microsoft Visual Studio Solution File, Format Version 12.00
# Visual Studio 15
VisualStudioVersion = 15.0.28010.2050
MinimumVisualStudioVersion = 10.0.40219.1
Project("{FAE04EC0-301F-11D3-BF4B-00C04F79EFBC}") = "DemoStrategyPattern", "DemoStrategyPattern\DemoStrategyPattern.csproj", "{6A973548-B4E7-4FAF-A850-130D8C1CEB4A}"
EndProject
Global
	GlobalSection(SolutionConfigurationPlatforms) = preSolution
		Debug|Any CPU = Debug|Any CPU
		Release|Any CPU = Release|Any CPU
	EndGlobalSection
	GlobalSection(ProjectConfigurationPlatforms) = postSolution
		{6A973548-B4E7-4FAF-A850-130D8C1CEB4A}.Debug|Any CPU.ActiveCfg = Debug|Any CPU
		{6A973548-B4E7-4FAF-A850-130D8C1CEB4A}.Debug|Any CPU.Build.0 = Debug|Any CPU
		{6A973548-B4E7-4FAF-A850-130D8C1CEB4A}.Release|Any CPU.ActiveCfg = Release|Any CPU
		{6A973548-B4E7-4FAF-A850-130D8C1CEB4A}.Release|Any CPU.Build.0 = Release|Any CPU
	EndGlobalSection
	GlobalSection(SolutionProperties) = preSolution
		HideSolutionNode = FALSE
	EndGlobalSection
	GlobalSection(ExtensibilityGlobals) = postSolution
		SolutionGuid = {D02AA430-283F-46CD-9798-63617B965CBA}
	EndGlobalSection
EndGlobal
